
Microsoft Visual Studio Solution File, Format Version 12.00
# Visual Studio 15
VisualStudioVersion = 15.0.27703.2047
MinimumVisualStudioVersion = 10.0.40219.1
Project("{FAE04EC0-301F-11D3-BF4B-00C04F79EFBC}") = "FM.Core", "FM.Core\FM.Core.csproj", "{152C2D9B-DF68-49FA-9476-1ED6211DC09C}"
EndProject
Project("{FAE04EC0-301F-11D3-BF4B-00C04F79EFBC}") = "FM.Core.Tests", "FM.Core.Tests\FM.Core.Tests.csproj", "{F317C530-40C9-4F65-AE22-E0F30872EBCE}"
EndProject
Global
	GlobalSection(SolutionConfigurationPlatforms) = preSolution
		Debug|Any CPU = Debug|Any CPU
		Release|Any CPU = Release|Any CPU
	EndGlobalSection
	GlobalSection(ProjectConfigurationPlatforms) = postSolution
		{152C2D9B-DF68-49FA-9476-1ED6211DC09C}.Debug|Any CPU.ActiveCfg = Debug|Any CPU
		{152C2D9B-DF68-49FA-9476-1ED6211DC09C}.Debug|Any CPU.Build.0 = Debug|Any CPU
		{152C2D9B-DF68-49FA-9476-1ED6211DC09C}.Release|Any CPU.ActiveCfg = Release|Any CPU
		{152C2D9B-DF68-49FA-9476-1ED6211DC09C}.Release|Any CPU.Build.0 = Release|Any CPU
		{F317C530-40C9-4F65-AE22-E0F30872EBCE}.Debug|Any CPU.ActiveCfg = Debug|Any CPU
		{F317C530-40C9-4F65-AE22-E0F30872EBCE}.Debug|Any CPU.Build.0 = Debug|Any CPU
		{F317C530-40C9-4F65-AE22-E0F30872EBCE}.Release|Any CPU.ActiveCfg = Release|Any CPU
		{F317C530-40C9-4F65-AE22-E0F30872EBCE}.Release|Any CPU.Build.0 = Release|Any CPU
	EndGlobalSection
	GlobalSection(SolutionProperties) = preSolution
		HideSolutionNode = FALSE
	EndGlobalSection
	GlobalSection(ExtensibilityGlobals) = postSolution
		SolutionGuid = {E3DFCE63-3B20-4801-8875-81B021550206}
	EndGlobalSection
EndGlobal
