
Microsoft Visual Studio Solution File, Format Version 12.00
# Visual Studio 15
VisualStudioVersion = 15.0.27703.2047
MinimumVisualStudioVersion = 10.0.40219.1
Project("{FAE04EC0-301F-11D3-BF4B-00C04F79EFBC}") = "FM.Engine", "FM.Engine\FM.Engine.csproj", "{556AEF02-B8DF-4630-8292-AC38036EA8AA}"
EndProject
Global
	GlobalSection(SolutionConfigurationPlatforms) = preSolution
		Debug|Any CPU = Debug|Any CPU
		Release|Any CPU = Release|Any CPU
	EndGlobalSection
	GlobalSection(ProjectConfigurationPlatforms) = postSolution
		{556AEF02-B8DF-4630-8292-AC38036EA8AA}.Debug|Any CPU.ActiveCfg = Debug|Any CPU
		{556AEF02-B8DF-4630-8292-AC38036EA8AA}.Debug|Any CPU.Build.0 = Debug|Any CPU
		{556AEF02-B8DF-4630-8292-AC38036EA8AA}.Release|Any CPU.ActiveCfg = Release|Any CPU
		{556AEF02-B8DF-4630-8292-AC38036EA8AA}.Release|Any CPU.Build.0 = Release|Any CPU
	EndGlobalSection
	GlobalSection(SolutionProperties) = preSolution
		HideSolutionNode = FALSE
	EndGlobalSection
	GlobalSection(ExtensibilityGlobals) = postSolution
		SolutionGuid = {E3DFCE63-3B20-4801-8875-81B021550206}
	EndGlobalSection
EndGlobal
